<?xml version="1.0" encoding="utf-8"?>
<Project ToolsVersion="4.0" xmlns="http://schemas.microsoft.com/developer/msbuild/2003">
  <ItemGroup>
    <Filter Include="소스 파일">
      <UniqueIdentifier>{4FC737F1-C7A5-4376-A066-2A32D752A2FF}</UniqueIdentifier>
      <Extensions>cpp;c;cc;cxx;c++;cppm;ixx;def;odl;idl;hpj;bat;asm;asmx</Extensions>
    </Filter>
    <Filter Include="헤더 파일">
      <UniqueIdentifier>{93995380-89BD-4b04-88EB-625FBE52EBFB}</UniqueIdentifier>
      <Extensions>h;hh;hpp;hxx;h++;hm;inl;inc;ipp;xsd</Extensions>
    </Filter>
    <Filter Include="리소스 파일">
      <UniqueIdentifier>{67DA6AB6-F800-4c08-8B7A-83BB121AAD01}</UniqueIdentifier>
      <Extensions>rc;ico;cur;bmp;dlg;rc2;rct;bin;rgs;gif;jpg;jpeg;jpe;resx;tiff;tif;png;wav;mfcribbon-ms</Extensions>
    </Filter>
    <Filter Include="헤더 파일\보류">
      <UniqueIdentifier>{7675108e-94dc-4805-be3f-57c2d0c01f07}</UniqueIdentifier>
    </Filter>
    <Filter Include="헤더 파일\완성">
      <UniqueIdentifier>{20d152b6-0af4-4b95-ae5d-9ba8e11ba02f}</UniqueIdentifier>
    </Filter>
  </ItemGroup>
  <ItemGroup>
    <ClCompile Include="main.cpp">
      <Filter>소스 파일</Filter>
    </ClCompile>
    <ClCompile Include="CNetLibrary.cpp">
      <Filter>소스 파일</Filter>
    </ClCompile>
    <ClCompile Include="CServer.cpp">
      <Filter>소스 파일</Filter>
    </ClCompile>
    <ClCompile Include="CPacket.cpp">
      <Filter>소스 파일</Filter>
    </ClCompile>
    <ClCompile Include="UserHistory.cpp">
      <Filter>헤더 파일\완성</Filter>
    </ClCompile>
    <ClCompile Include="UserRoomInfo.cpp">
      <Filter>헤더 파일</Filter>
    </ClCompile>
    <ClCompile Include="CUser.cpp">
      <Filter>소스 파일</Filter>
    </ClCompile>
    <ClCompile Include="CRoom.cpp">
      <Filter>소스 파일</Filter>
    </ClCompile>
    <ClCompile Include="COmokBoard.cpp">
      <Filter>헤더 파일</Filter>
    </ClCompile>
    <ClCompile Include="CPDH.cpp">
      <Filter>헤더 파일</Filter>
    </ClCompile>
  </ItemGroup>
  <ItemGroup>
    <ClInclude Include="CNetLibrary.h">
      <Filter>헤더 파일</Filter>
    </ClInclude>
    <ClInclude Include="CRoom.h">
      <Filter>헤더 파일</Filter>
    </ClInclude>
    <ClInclude Include="CServer.h">
      <Filter>헤더 파일</Filter>
    </ClInclude>
    <ClInclude Include="CPacket.h">
      <Filter>헤더 파일</Filter>
    </ClInclude>
    <ClInclude Include="CLFQueue.h">
      <Filter>헤더 파일</Filter>
    </ClInclude>
    <ClInclude Include="CLFStack.h">
      <Filter>헤더 파일</Filter>
    </ClInclude>
    <ClInclude Include="Protocol.h">
      <Filter>헤더 파일</Filter>
    </ClInclude>
    <ClInclude Include="CUser.h">
      <Filter>헤더 파일</Filter>
    </ClInclude>
    <ClInclude Include="IShop.h">
      <Filter>헤더 파일\보류</Filter>
    </ClInclude>
    <ClInclude Include="IGame.h">
      <Filter>헤더 파일\보류</Filter>
    </ClInclude>
    <ClInclude Include="CPool.h">
      <Filter>헤더 파일</Filter>
    </ClInclude>
    <ClInclude Include="COmokBoard.h">
      <Filter>헤더 파일</Filter>
    </ClInclude>
    <ClInclude Include="Util.h">
      <Filter>헤더 파일</Filter>
    </ClInclude>
    <ClInclude Include="UserHistory.h">
      <Filter>헤더 파일\완성</Filter>
    </ClInclude>
    <ClInclude Include="GameRecord.h">
      <Filter>헤더 파일</Filter>
    </ClInclude>
    <ClInclude Include="UserRoomInfo.h">
      <Filter>헤더 파일</Filter>
    </ClInclude>
    <ClInclude Include="CMonitoring.h">
      <Filter>헤더 파일\보류</Filter>
    </ClInclude>
    <ClInclude Include="CPDH.h">
      <Filter>헤더 파일</Filter>
    </ClInclude>
  </ItemGroup>
</Project>